
Microsoft Visual Studio Solution File, Format Version 12.00
# Visual Studio Version 17
VisualStudioVersion = 17.4.33213.308
MinimumVisualStudioVersion = 10.0.40219.1
Project("{9A19103F-16F7-4668-BE54-9A1E7A4F7556}") = "BlazorTranslator", "BlazorTranslator\BlazorTranslator.csproj", "{B9C807AF-C9F3-4025-A976-F71DC564594A}"
EndProject
Project("{9A19103F-16F7-4668-BE54-9A1E7A4F7556}") = "Seq2SeqModel", "Seq2SeqModel\Seq2SeqModel.csproj", "{1370E607-1D8C-4942-A5D3-CFBED1035EAF}"
EndProject
Global
	GlobalSection(SolutionConfigurationPlatforms) = preSolution
		Debug|Any CPU = Debug|Any CPU
		Release|Any CPU = Release|Any CPU
	EndGlobalSection
	GlobalSection(ProjectConfigurationPlatforms) = postSolution
		{B9C807AF-C9F3-4025-A976-F71DC564594A}.Debug|Any CPU.ActiveCfg = Debug|Any CPU
		{B9C807AF-C9F3-4025-A976-F71DC564594A}.Debug|Any CPU.Build.0 = Debug|Any CPU
		{B9C807AF-C9F3-4025-A976-F71DC564594A}.Release|Any CPU.ActiveCfg = Release|Any CPU
		{B9C807AF-C9F3-4025-A976-F71DC564594A}.Release|Any CPU.Build.0 = Release|Any CPU
		{1370E607-1D8C-4942-A5D3-CFBED1035EAF}.Debug|Any CPU.ActiveCfg = Debug|Any CPU
		{1370E607-1D8C-4942-A5D3-CFBED1035EAF}.Debug|Any CPU.Build.0 = Debug|Any CPU
		{1370E607-1D8C-4942-A5D3-CFBED1035EAF}.Release|Any CPU.ActiveCfg = Release|Any CPU
		{1370E607-1D8C-4942-A5D3-CFBED1035EAF}.Release|Any CPU.Build.0 = Release|Any CPU
	EndGlobalSection
	GlobalSection(SolutionProperties) = preSolution
		HideSolutionNode = FALSE
	EndGlobalSection
	GlobalSection(ExtensibilityGlobals) = postSolution
		SolutionGuid = {4E08FE1C-DBD4-4D7F-B4BD-3F0E1DBB19E5}
	EndGlobalSection
EndGlobal
